Microsoft Visual Studio Solution File, Format Version 11.00
# Visual Studio 2008

Project("{41D5EEE2-5E3C-3042-4B02-D86F0D73635D}") = "FPS Game", "Assembly-CSharp-firstpass.csproj", "{37CE1C4F-535A-BDD2-569C-1E04B35B633F}"
EndProject
Project("{41D5EEE2-5E3C-3042-4B02-D86F0D73635D}") = "FPS Game", "Assembly-CSharp.csproj", "{54429F92-6BEA-13D3-7A3D-38ED9E70CF28}"
EndProject
Project("{41D5EEE2-5E3C-3042-4B02-D86F0D73635D}") = "FPS Game", "Assembly-CSharp-Editor.csproj", "{1485EC76-E270-7C03-C742-AEC49EEAC15B}"
EndProject
Project("{41D5EEE2-5E3C-3042-4B02-D86F0D73635D}") = "FPS Game", "Assembly-UnityScript.unityproj", "{9EE22B11-E4CA-30A1-674B-361CDC5B5020}"
EndProject
Global
	GlobalSection(SolutionConfigurationPlatforms) = preSolution
		Debug|Any CPU = Debug|Any CPU
		Release|Any CPU = Release|Any CPU
	EndGlobalSection
	GlobalSection(ProjectConfigurationPlatforms) = postSolution
		{37CE1C4F-535A-BDD2-569C-1E04B35B633F}.Debug|Any CPU.ActiveCfg = Debug|Any CPU
		{37CE1C4F-535A-BDD2-569C-1E04B35B633F}.Debug|Any CPU.Build.0 = Debug|Any CPU
		{37CE1C4F-535A-BDD2-569C-1E04B35B633F}.Release|Any CPU.ActiveCfg = Release|Any CPU
		{37CE1C4F-535A-BDD2-569C-1E04B35B633F}.Release|Any CPU.Build.0 = Release|Any CPU
		{54429F92-6BEA-13D3-7A3D-38ED9E70CF28}.Debug|Any CPU.ActiveCfg = Debug|Any CPU
		{54429F92-6BEA-13D3-7A3D-38ED9E70CF28}.Debug|Any CPU.Build.0 = Debug|Any CPU
		{54429F92-6BEA-13D3-7A3D-38ED9E70CF28}.Release|Any CPU.ActiveCfg = Release|Any CPU
		{54429F92-6BEA-13D3-7A3D-38ED9E70CF28}.Release|Any CPU.Build.0 = Release|Any CPU
		{1485EC76-E270-7C03-C742-AEC49EEAC15B}.Debug|Any CPU.ActiveCfg = Debug|Any CPU
		{1485EC76-E270-7C03-C742-AEC49EEAC15B}.Debug|Any CPU.Build.0 = Debug|Any CPU
		{1485EC76-E270-7C03-C742-AEC49EEAC15B}.Release|Any CPU.ActiveCfg = Release|Any CPU
		{1485EC76-E270-7C03-C742-AEC49EEAC15B}.Release|Any CPU.Build.0 = Release|Any CPU
		{9EE22B11-E4CA-30A1-674B-361CDC5B5020}.Debug|Any CPU.ActiveCfg = Debug|Any CPU
		{9EE22B11-E4CA-30A1-674B-361CDC5B5020}.Debug|Any CPU.Build.0 = Debug|Any CPU
		{9EE22B11-E4CA-30A1-674B-361CDC5B5020}.Release|Any CPU.ActiveCfg = Release|Any CPU
		{9EE22B11-E4CA-30A1-674B-361CDC5B5020}.Release|Any CPU.Build.0 = Release|Any CPU
	EndGlobalSection
	GlobalSection(SolutionProperties) = preSolution
		HideSolutionNode = FALSE
	EndGlobalSection
																	GlobalSection(MonoDevelopProperties) = preSolution
		StartupItem = Assembly-CSharp.csproj
		Policies = $0
		$0.TextStylePolicy = $1
		$1.inheritsSet = null
		$1.scope = text/x-csharp
		$0.CSharpFormattingPolicy = $2
		$2.inheritsSet = Mono
		$2.inheritsScope = text/x-csharp
		$2.scope = text/x-csharp
		$0.TextStylePolicy = $3
		$3.FileWidth = 120
		$3.TabWidth = 4
		$3.EolMarker = Unix
		$3.inheritsSet = Mono
		$3.inheritsScope = text/plain
		$3.scope = text/plain
	EndGlobalSection

EndGlobal
